// !$*UTF8*$!
{
	archiveVersion = 1;
	classes = {
	};
	objectVersion = 56;
	objects = {

/* Begin PBXBuildFile section */
		95360D0029A8DC8700BDBED0 /* RoomPlan_2DApp.swift in Sources */ = {isa = PBXBuildFile; fileRef = 95360CFF29A8DC8700BDBED0 /* RoomPlan_2DApp.swift */; };
		95360D0229A8DC8700BDBED0 /* WelcomeView.swift in Sources */ = {isa = PBXBuildFile; fileRef = 95360D0129A8DC8700BDBED0 /* WelcomeView.swift */; };
		95360D0429A8DC8800BDBED0 /* Assets.xcassets in Resources */ = {isa = PBXBuildFile; fileRef = 95360D0329A8DC8800BDBED0 /* Assets.xcassets */; };
		95360D0729A8DC8800BDBED0 /* Preview Assets.xcassets in Resources */ = {isa = PBXBuildFile; fileRef = 95360D0629A8DC8800BDBED0 /* Preview Assets.xcassets */; };
		95360D0E29A8E14500BDBED0 /* RoomCaptureModel.swift in Sources */ = {isa = PBXBuildFile; fileRef = 95360D0D29A8E14500BDBED0 /* RoomCaptureModel.swift */; };
		95360D1029A8E59600BDBED0 /* RoomCaptureRepresentable.swift in Sources */ = {isa = PBXBuildFile; fileRef = 95360D0F29A8E59600BDBED0 /* RoomCaptureRepresentable.swift */; };
		95360D1229A8E5DB00BDBED0 /* RoomCaptureScanView.swift in Sources */ = {isa = PBXBuildFile; fileRef = 95360D1129A8E5DB00BDBED0 /* RoomCaptureScanView.swift */; };
		953FDAE229BAA0BD00A7AACF /* FloorPlanScene.swift in Sources */ = {isa = PBXBuildFile; fileRef = 953FDAE129BAA0BD00A7AACF /* FloorPlanScene.swift */; };
		953FDAE429BAA1D900A7AACF /* simd_float4x4+EulerAnglesAndPosition.swift in Sources */ = {isa = PBXBuildFile; fileRef = 953FDAE329BAA1D900A7AACF /* simd_float4x4+EulerAnglesAndPosition.swift */; };
		953FDAE629BB8F3E00A7AACF /* CGPoint+RotateAround.swift in Sources */ = {isa = PBXBuildFile; fileRef = 953FDAE529BB8F3E00A7AACF /* CGPoint+RotateAround.swift */; };
		953FDAE829BE14C900A7AACF /* FloorPlanSurface.swift in Sources */ = {isa = PBXBuildFile; fileRef = 953FDAE729BE14C900A7AACF /* FloorPlanSurface.swift */; };
		953FDAEA29BE251B00A7AACF /* DrawParameters.swift in Sources */ = {isa = PBXBuildFile; fileRef = 953FDAE929BE251B00A7AACF /* DrawParameters.swift */; };
		953FDAEC29BE2D9500A7AACF /* FloorPlanObject.swift in Sources */ = {isa = PBXBuildFile; fileRef = 953FDAEB29BE2D9500A7AACF /* FloorPlanObject.swift */; };
/* End PBXBuildFile section */

/* Begin PBXFileReference section */
		95360CFC29A8DC8700BDBED0 /* RoomPlan 2D.app */ = {isa = PBXFileReference; explicitFileType = wrapper.application; includeInIndex = 0; path = "RoomPlan 2D.app"; sourceTree = BUILT_PRODUCTS_DIR; };
		95360CFF29A8DC8700BDBED0 /* RoomPlan_2DApp.swift */ = {isa = PBXFileReference; lastKnownFileType = sourcecode.swift; path = RoomPlan_2DApp.swift; sourceTree = "<group>"; };
		95360D0129A8DC8700BDBED0 /* WelcomeView.swift */ = {isa = PBXFileReference; lastKnownFileType = sourcecode.swift; path = WelcomeView.swift; sourceTree = "<group>"; };
		95360D0329A8DC8800BDBED0 /* Assets.xcassets */ = {isa = PBXFileReference; lastKnownFileType = folder.assetcatalog; path = Assets.xcassets; sourceTree = "<group>"; };
		95360D0629A8DC8800BDBED0 /* Preview Assets.xcassets */ = {isa = PBXFileReference; lastKnownFileType = folder.assetcatalog; path = "Preview Assets.xcassets"; sourceTree = "<group>"; };
		95360D0D29A8E14500BDBED0 /* RoomCaptureModel.swift */ = {isa = PBXFileReference; lastKnownFileType = sourcecode.swift; path = RoomCaptureModel.swift; sourceTree = "<group>"; };
		95360D0F29A8E59600BDBED0 /* RoomCaptureRepresentable.swift */ = {isa = PBXFileReference; lastKnownFileType = sourcecode.swift; path = RoomCaptureRepresentable.swift; sourceTree = "<group>"; };
		95360D1129A8E5DB00BDBED0 /* RoomCaptureScanView.swift */ = {isa = PBXFileReference; lastKnownFileType = sourcecode.swift; path = RoomCaptureScanView.swift; sourceTree = "<group>"; };
		95360D1329A8E84400BDBED0 /* RoomPlan-2D-Info.plist */ = {isa = PBXFileReference; lastKnownFileType = text.plist; path = "RoomPlan-2D-Info.plist"; sourceTree = SOURCE_ROOT; };
		953FDAE129BAA0BD00A7AACF /* FloorPlanScene.swift */ = {isa = PBXFileReference; lastKnownFileType = sourcecode.swift; path = FloorPlanScene.swift; sourceTree = "<group>"; };
		953FDAE329BAA1D900A7AACF /* simd_float4x4+EulerAnglesAndPosition.swift */ = {isa = PBXFileReference; lastKnownFileType = sourcecode.swift; path = "simd_float4x4+EulerAnglesAndPosition.swift"; sourceTree = "<group>"; };
		953FDAE529BB8F3E00A7AACF /* CGPoint+RotateAround.swift */ = {isa = PBXFileReference; lastKnownFileType = sourcecode.swift; path = "CGPoint+RotateAround.swift"; sourceTree = "<group>"; };
		953FDAE729BE14C900A7AACF /* FloorPlanSurface.swift */ = {isa = PBXFileReference; lastKnownFileType = sourcecode.swift; path = FloorPlanSurface.swift; sourceTree = "<group>"; };
		953FDAE929BE251B00A7AACF /* DrawParameters.swift */ = {isa = PBXFileReference; lastKnownFileType = sourcecode.swift; path = DrawParameters.swift; sourceTree = "<group>"; };
		953FDAEB29BE2D9500A7AACF /* FloorPlanObject.swift */ = {isa = PBXFileReference; lastKnownFileType = sourcecode.swift; path = FloorPlanObject.swift; sourceTree = "<group>"; };
/* End PBXFileReference section */

/* Begin PBXFrameworksBuildPhase section */
		95360CF929A8DC8700BDBED0 /* Frameworks */ = {
			isa = PBXFrameworksBuildPhase;
			buildActionMask = 2147483647;
			files = (
			);
			runOnlyForDeploymentPostprocessing = 0;
		};
/* End PBXFrameworksBuildPhase section */

/* Begin PBXGroup section */
		950B7BE829C1236500B05CDF /* Extensions */ = {
			isa = PBXGroup;
			children = (
				953FDAE529BB8F3E00A7AACF /* CGPoint+RotateAround.swift */,
				953FDAE329BAA1D900A7AACF /* simd_float4x4+EulerAnglesAndPosition.swift */,
			);
			path = Extensions;
			sourceTree = "<group>";
		};
		95360CF329A8DC8700BDBED0 = {
			isa = PBXGroup;
			children = (
				95360CFE29A8DC8700BDBED0 /* RoomPlan 2D */,
				95360CFD29A8DC8700BDBED0 /* Products */,
			);
			sourceTree = "<group>";
		};
		95360CFD29A8DC8700BDBED0 /* Products */ = {
			isa = PBXGroup;
			children = (
				95360CFC29A8DC8700BDBED0 /* RoomPlan 2D.app */,
			);
			name = Products;
			sourceTree = "<group>";
		};
		95360CFE29A8DC8700BDBED0 /* RoomPlan 2D */ = {
			isa = PBXGroup;
			children = (
				95360D1329A8E84400BDBED0 /* RoomPlan-2D-Info.plist */,
				95360CFF29A8DC8700BDBED0 /* RoomPlan_2DApp.swift */,
				95360D0129A8DC8700BDBED0 /* WelcomeView.swift */,
				95360D1429B6954200BDBED0 /* Room Capture */,
				953FDADF29BAA09000A7AACF /* Floor Plan */,
				950B7BE829C1236500B05CDF /* Extensions */,
				95360D0329A8DC8800BDBED0 /* Assets.xcassets */,
				95360D0529A8DC8800BDBED0 /* Preview Content */,
			);
			path = "RoomPlan 2D";
			sourceTree = "<group>";
		};
		95360D0529A8DC8800BDBED0 /* Preview Content */ = {
			isa = PBXGroup;
			children = (
				95360D0629A8DC8800BDBED0 /* Preview Assets.xcassets */,
			);
			path = "Preview Content";
			sourceTree = "<group>";
		};
		95360D1429B6954200BDBED0 /* Room Capture */ = {
			isa = PBXGroup;
			children = (
				95360D0D29A8E14500BDBED0 /* RoomCaptureModel.swift */,
				95360D0F29A8E59600BDBED0 /* RoomCaptureRepresentable.swift */,
				95360D1129A8E5DB00BDBED0 /* RoomCaptureScanView.swift */,
			);
			path = "Room Capture";
			sourceTree = "<group>";
		};
		953FDADF29BAA09000A7AACF /* Floor Plan */ = {
			isa = PBXGroup;
			children = (
				953FDAE129BAA0BD00A7AACF /* FloorPlanScene.swift */,
				953FDAE729BE14C900A7AACF /* FloorPlanSurface.swift */,
				953FDAEB29BE2D9500A7AACF /* FloorPlanObject.swift */,
				953FDAE929BE251B00A7AACF /* DrawParameters.swift */,
			);
			path = "Floor Plan";
			sourceTree = "<group>";
		};
/* End PBXGroup section */

/* Begin PBXNativeTarget section */
		95360CFB29A8DC8700BDBED0 /* RoomPlan 2D */ = {
			isa = PBXNativeTarget;
			buildConfigurationList = 95360D0A29A8DC8800BDBED0 /* Build configuration list for PBXNativeTarget "RoomPlan 2D" */;
			buildPhases = (
				95360CF829A8DC8700BDBED0 /* Sources */,
				95360CF929A8DC8700BDBED0 /* Frameworks */,
				95360CFA29A8DC8700BDBED0 /* Resources */,
			);
			buildRules = (
			);
			dependencies = (
			);
			name = "RoomPlan 2D";
			productName = "RoomPlan 2D";
			productReference = 95360CFC29A8DC8700BDBED0 /* RoomPlan 2D.app */;
			productType = "com.apple.product-type.application";
		};
/* End PBXNativeTarget section */

/* Begin PBXProject section */
		95360CF429A8DC8700BDBED0 /* Project object */ = {
			isa = PBXProject;
			attributes = {
				BuildIndependentTargetsInParallel = 1;
				LastSwiftUpdateCheck = 1420;
				LastUpgradeCheck = 1420;
				TargetAttributes = {
					95360CFB29A8DC8700BDBED0 = {
						CreatedOnToolsVersion = 14.2;
					};
				};
			};
			buildConfigurationList = 95360CF729A8DC8700BDBED0 /* Build configuration list for PBXProject "RoomPlan 2D" */;
			compatibilityVersion = "Xcode 14.0";
			developmentRegion = en;
			hasScannedForEncodings = 0;
			knownRegions = (
				en,
				Base,
			);
			mainGroup = 95360CF329A8DC8700BDBED0;
			productRefGroup = 95360CFD29A8DC8700BDBED0 /* Products */;
			projectDirPath = "";
			projectRoot = "";
			targets = (
				95360CFB29A8DC8700BDBED0 /* RoomPlan 2D */,
			);
		};
/* End PBXProject section */

/* Begin PBXResourcesBuildPhase section */
		95360CFA29A8DC8700BDBED0 /* Resources */ = {
			isa = PBXResourcesBuildPhase;
			buildActionMask = 2147483647;
			files = (
				95360D0729A8DC8800BDBED0 /* Preview Assets.xcassets in Resources */,
				95360D0429A8DC8800BDBED0 /* Assets.xcassets in Resources */,
			);
			runOnlyForDeploymentPostprocessing = 0;
		};
/* End PBXResourcesBuildPhase section */

/* Begin PBXSourcesBuildPhase section */
		95360CF829A8DC8700BDBED0 /* Sources */ = {
			isa = PBXSourcesBuildPhase;
			buildActionMask = 2147483647;
			files = (
				953FDAE429BAA1D900A7AACF /* simd_float4x4+EulerAnglesAndPosition.swift in Sources */,
				953FDAEA29BE251B00A7AACF /* DrawParameters.swift in Sources */,
				95360D0E29A8E14500BDBED0 /* RoomCaptureModel.swift in Sources */,
				95360D0229A8DC8700BDBED0 /* WelcomeView.swift in Sources */,
				953FDAE229BAA0BD00A7AACF /* FloorPlanScene.swift in Sources */,
				953FDAE629BB8F3E00A7AACF /* CGPoint+RotateAround.swift in Sources */,
				95360D1029A8E59600BDBED0 /* RoomCaptureRepresentable.swift in Sources */,
				953FDAEC29BE2D9500A7AACF /* FloorPlanObject.swift in Sources */,
				95360D0029A8DC8700BDBED0 /* RoomPlan_2DApp.swift in Sources */,
				953FDAE829BE14C900A7AACF /* FloorPlanSurface.swift in Sources */,
				95360D1229A8E5DB00BDBED0 /* RoomCaptureScanView.swift in Sources */,
			);
			runOnlyForDeploymentPostprocessing = 0;
		};
/* End PBXSourcesBuildPhase section */

/* Begin XCBuildConfiguration section */
		95360D0829A8DC8800BDBED0 /* Debug */ = {
			isa = XCBuildConfiguration;
			buildSettings = {
				ALWAYS_SEARCH_USER_PATHS = NO;
				CLANG_ANALYZER_NONNULL = YES;
				CLANG_ANALYZER_NUMBER_OBJECT_CONVERSION = YES_AGGRESSIVE;
				CLANG_CXX_LANGUAGE_STANDARD = "gnu++20";
				CLANG_ENABLE_MODULES = YES;
				CLANG_ENABLE_OBJC_ARC = YES;
				CLANG_ENABLE_OBJC_WEAK = YES;
				CLANG_WARN_BLOCK_CAPTURE_AUTORELEASING = YES;
				CLANG_WARN_BOOL_CONVERSION = YES;
				CLANG_WARN_COMMA = YES;
				CLANG_WARN_CONSTANT_CONVERSION = YES;
				CLANG_WARN_DEPRECATED_OBJC_IMPLEMENTATIONS = YES;
				CLANG_WARN_DIRECT_OBJC_ISA_USAGE = YES_ERROR;
				CLANG_WARN_DOCUMENTATION_COMMENTS = YES;
				CLANG_WARN_EMPTY_BODY = YES;
				CLANG_WARN_ENUM_CONVERSION = YES;
				CLANG_WARN_INFINITE_RECURSION = YES;
				CLANG_WARN_INT_CONVERSION = YES;
				CLANG_WARN_NON_LITERAL_NULL_CONVERSION = YES;
				CLANG_WARN_OBJC_IMPLICIT_RETAIN_SELF = YES;
				CLANG_WARN_OBJC_LITERAL_CONVERSION = YES;
				CLANG_WARN_OBJC_ROOT_CLASS = YES_ERROR;
				CLANG_WARN_QUOTED_INCLUDE_IN_FRAMEWORK_HEADER = YES;
				CLANG_WARN_RANGE_LOOP_ANALYSIS = YES;
				CLANG_WARN_STRICT_PROTOTYPES = YES;
				CLANG_WARN_SUSPICIOUS_MOVE = YES;
				CLANG_WARN_UNGUARDED_AVAILABILITY = YES_AGGRESSIVE;
				CLANG_WARN_UNREACHABLE_CODE = YES;
				CLANG_WARN__DUPLICATE_METHOD_MATCH = YES;
				COPY_PHASE_STRIP = NO;
				DEBUG_INFORMATION_FORMAT = dwarf;
				ENABLE_STRICT_OBJC_MSGSEND = YES;
				ENABLE_TESTABILITY = YES;
				GCC_C_LANGUAGE_STANDARD = gnu11;
				GCC_DYNAMIC_NO_PIC = NO;
				GCC_NO_COMMON_BLOCKS = YES;
				GCC_OPTIMIZATION_LEVEL = 0;
				GCC_PREPROCESSOR_DEFINITIONS = (
					"DEBUG=1",
					"$(inherited)",
				);
				GCC_WARN_64_TO_32_BIT_CONVERSION = YES;
				GCC_WARN_ABOUT_RETURN_TYPE = YES_ERROR;
				GCC_WARN_UNDECLARED_SELECTOR = YES;
				GCC_WARN_UNINITIALIZED_AUTOS = YES_AGGRESSIVE;
				GCC_WARN_UNUSED_FUNCTION = YES;
				GCC_WARN_UNUSED_VARIABLE = YES;
				IPHONEOS_DEPLOYMENT_TARGET = 16.2;
				MTL_ENABLE_DEBUG_INFO = INCLUDE_SOURCE;
				MTL_FAST_MATH = YES;
				ONLY_ACTIVE_ARCH = YES;
				SDKROOT = iphoneos;
				SWIFT_ACTIVE_COMPILATION_CONDITIONS = DEBUG;
				SWIFT_OPTIMIZATION_LEVEL = "-Onone";
			};
			name = Debug;
		};
		95360D0929A8DC8800BDBED0 /* Release */ = {
			isa = XCBuildConfiguration;
			buildSettings = {
				ALWAYS_SEARCH_USER_PATHS = NO;
				CLANG_ANALYZER_NONNULL = YES;
				CLANG_ANALYZER_NUMBER_OBJECT_CONVERSION = YES_AGGRESSIVE;
				CLANG_CXX_LANGUAGE_STANDARD = "gnu++20";
				CLANG_ENABLE_MODULES = YES;
				CLANG_ENABLE_OBJC_ARC = YES;
				CLANG_ENABLE_OBJC_WEAK = YES;
				CLANG_WARN_BLOCK_CAPTURE_AUTORELEASING = YES;
				CLANG_WARN_BOOL_CONVERSION = YES;
				CLANG_WARN_COMMA = YES;
				CLANG_WARN_CONSTANT_CONVERSION = YES;
				CLANG_WARN_DEPRECATED_OBJC_IMPLEMENTATIONS = YES;
				CLANG_WARN_DIRECT_OBJC_ISA_USAGE = YES_ERROR;
				CLANG_WARN_DOCUMENTATION_COMMENTS = YES;
				CLANG_WARN_EMPTY_BODY = YES;
				CLANG_WARN_ENUM_CONVERSION = YES;
				CLANG_WARN_INFINITE_RECURSION = YES;
				CLANG_WARN_INT_CONVERSION = YES;
				CLANG_WARN_NON_LITERAL_NULL_CONVERSION = YES;
				CLANG_WARN_OBJC_IMPLICIT_RETAIN_SELF = YES;
				CLANG_WARN_OBJC_LITERAL_CONVERSION = YES;
				CLANG_WARN_OBJC_ROOT_CLASS = YES_ERROR;
				CLANG_WARN_QUOTED_INCLUDE_IN_FRAMEWORK_HEADER = YES;
				CLANG_WARN_RANGE_LOOP_ANALYSIS = YES;
				CLANG_WARN_STRICT_PROTOTYPES = YES;
				CLANG_WARN_SUSPICIOUS_MOVE = YES;
				CLANG_WARN_UNGUARDED_AVAILABILITY = YES_AGGRESSIVE;
				CLANG_WARN_UNREACHABLE_CODE = YES;
				CLANG_WARN__DUPLICATE_METHOD_MATCH = YES;
				COPY_PHASE_STRIP = NO;
				DEBUG_INFORMATION_FORMAT = "dwarf-with-dsym";
				ENABLE_NS_ASSERTIONS = NO;
				ENABLE_STRICT_OBJC_MSGSEND = YES;
				GCC_C_LANGUAGE_STANDARD = gnu11;
				GCC_NO_COMMON_BLOCKS = YES;
				GCC_WARN_64_TO_32_BIT_CONVERSION = YES;
				GCC_WARN_ABOUT_RETURN_TYPE = YES_ERROR;
				GCC_WARN_UNDECLARED_SELECTOR = YES;
				GCC_WARN_UNINITIALIZED_AUTOS = YES_AGGRESSIVE;
				GCC_WARN_UNUSED_FUNCTION = YES;
				GCC_WARN_UNUSED_VARIABLE = YES;
				IPHONEOS_DEPLOYMENT_TARGET = 16.2;
				MTL_ENABLE_DEBUG_INFO = NO;
				MTL_FAST_MATH = YES;
				SDKROOT = iphoneos;
				SWIFT_COMPILATION_MODE = wholemodule;
				SWIFT_OPTIMIZATION_LEVEL = "-O";
				VALIDATE_PRODUCT = YES;
			};
			name = Release;
		};
		95360D0B29A8DC8800BDBED0 /* Debug */ = {
			isa = XCBuildConfiguration;
			buildSettings = {
				ASSETCATALOG_COMPILER_APPICON_NAME = AppIcon;
				ASSETCATALOG_COMPILER_GLOBAL_ACCENT_COLOR_NAME = AccentColor;
				CODE_SIGN_STYLE = Automatic;
				CURRENT_PROJECT_VERSION = 1;
				DEVELOPMENT_ASSET_PATHS = "\"RoomPlan 2D/Preview Content\"";
				DEVELOPMENT_TEAM = Q949CX7AMV;
				ENABLE_PREVIEWS = YES;
				GENERATE_INFOPLIST_FILE = YES;
				INFOPLIST_FILE = "RoomPlan-2D-Info.plist";
				INFOPLIST_KEY_NSCameraUsageDescription = "RoomPlan requires the camera to scan a room";
				INFOPLIST_KEY_UIApplicationSceneManifest_Generation = YES;
				INFOPLIST_KEY_UIApplicationSupportsIndirectInputEvents = YES;
				INFOPLIST_KEY_UILaunchScreen_Generation = YES;
				INFOPLIST_KEY_UISupportedInterfaceOrientations_iPad = "UIInterfaceOrientationPortrait UIInterfaceOrientationPortraitUpsideDown UIInterfaceOrientationLandscapeLeft UIInterfaceOrientationLandscapeRight";
				INFOPLIST_KEY_UISupportedInterfaceOrientations_iPhone = "UIInterfaceOrientationPortrait UIInterfaceOrientationLandscapeLeft UIInterfaceOrientationLandscapeRight";
				LD_RUNPATH_SEARCH_PATHS = (
					"$(inherited)",
					"@executable_path/Frameworks",
				);
				MARKETING_VERSION = 1.0;
				PRODUCT_BUNDLE_IDENTIFIER = "dennisvanoosten.RoomPlan-2D";
				PRODUCT_NAME = "$(TARGET_NAME)";
				SWIFT_EMIT_LOC_STRINGS = YES;
				SWIFT_VERSION = 5.0;
				TARGETED_DEVICE_FAMILY = "1,2";
			};
			name = Debug;
		};
		95360D0C29A8DC8800BDBED0 /* Release */ = {
			isa = XCBuildConfiguration;
			buildSettings = {
				ASSETCATALOG_COMPILER_APPICON_NAME = AppIcon;
				ASSETCATALOG_COMPILER_GLOBAL_ACCENT_COLOR_NAME = AccentColor;
				CODE_SIGN_STYLE = Automatic;
				CURRENT_PROJECT_VERSION = 1;
				DEVELOPMENT_ASSET_PATHS = "\"RoomPlan 2D/Preview Content\"";
				DEVELOPMENT_TEAM = Q949CX7AMV;
				ENABLE_PREVIEWS = YES;
				GENERATE_INFOPLIST_FILE = YES;
				INFOPLIST_FILE = "RoomPlan-2D-Info.plist";
				INFOPLIST_KEY_NSCameraUsageDescription = "RoomPlan requires the camera to scan a room";
				INFOPLIST_KEY_UIApplicationSceneManifest_Generation = YES;
				INFOPLIST_KEY_UIApplicationSupportsIndirectInputEvents = YES;
				INFOPLIST_KEY_UILaunchScreen_Generation = YES;
				INFOPLIST_KEY_UISupportedInterfaceOrientations_iPad = "UIInterfaceOrientationPortrait UIInterfaceOrientationPortraitUpsideDown UIInterfaceOrientationLandscapeLeft UIInterfaceOrientationLandscapeRight";
				INFOPLIST_KEY_UISupportedInterfaceOrientations_iPhone = "UIInterfaceOrientationPortrait UIInterfaceOrientationLandscapeLeft UIInterfaceOrientationLandscapeRight";
				LD_RUNPATH_SEARCH_PATHS = (
					"$(inherited)",
					"@executable_path/Frameworks",
				);
				MARKETING_VERSION = 1.0;
				PRODUCT_BUNDLE_IDENTIFIER = "dennisvanoosten.RoomPlan-2D";
				PRODUCT_NAME = "$(TARGET_NAME)";
				SWIFT_EMIT_LOC_STRINGS = YES;
				SWIFT_VERSION = 5.0;
				TARGETED_DEVICE_FAMILY = "1,2";
			};
			name = Release;
		};
/* End XCBuildConfiguration section */

/* Begin XCConfigurationList section */
		95360CF729A8DC8700BDBED0 /* Build configuration list for PBXProject "RoomPlan 2D" */ = {
			isa = XCConfigurationList;
			buildConfigurations = (
				95360D0829A8DC8800BDBED0 /* Debug */,
				95360D0929A8DC8800BDBED0 /* Release */,
			);
			defaultConfigurationIsVisible = 0;
			defaultConfigurationName = Release;
		};
		95360D0A29A8DC8800BDBED0 /* Build configuration list for PBXNativeTarget "RoomPlan 2D" */ = {
			isa = XCConfigurationList;
			buildConfigurations = (
				95360D0B29A8DC8800BDBED0 /* Debug */,
				95360D0C29A8DC8800BDBED0 /* Release */,
			);
			defaultConfigurationIsVisible = 0;
			defaultConfigurationName = Release;
		};
/* End XCConfigurationList section */
	};
	rootObject = 95360CF429A8DC8700BDBED0 /* Project object */;
}
